// !$*UTF8*$!
{
	archiveVersion = 1;
	classes = {
	};
	objectVersion = 48;
	objects = {

/* Begin PBXBuildFile section */
		BC83415C208DC3AE00FEC00D /* AppDelegate.m in Sources */ = {isa = PBXBuildFile; fileRef = BC83415B208DC3AE00FEC00D /* AppDelegate.m */; };
		BC83415F208DC3AE00FEC00D /* ViewController.m in Sources */ = {isa = PBXBuildFile; fileRef = BC83415E208DC3AE00FEC00D /* ViewController.m */; };
		BC834162208DC3AE00FEC00D /* Main.storyboard in Resources */ = {isa = PBXBuildFile; fileRef = BC834160208DC3AE00FEC00D /* Main.storyboard */; };
		BC834164208DC3AE00FEC00D /* Assets.xcassets in Resources */ = {isa = PBXBuildFile; fileRef = BC834163208DC3AE00FEC00D /* Assets.xcassets */; };
		BC834167208DC3AE00FEC00D /* LaunchScreen.storyboard in Resources */ = {isa = PBXBuildFile; fileRef = BC834165208DC3AE00FEC00D /* LaunchScreen.storyboard */; };
		BC83416A208DC3AE00FEC00D /* main.m in Sources */ = {isa = PBXBuildFile; fileRef = BC834169208DC3AE00FEC00D /* main.m */; };
		BC834174208DC3AF00FEC00D /* sphereScaleProjectTests.m in Sources */ = {isa = PBXBuildFile; fileRef = BC834173208DC3AF00FEC00D /* sphereScaleProjectTests.m */; };
		BC83417F208DC3AF00FEC00D /* sphereScaleProjectUITests.m in Sources */ = {isa = PBXBuildFile; fileRef = BC83417E208DC3AF00FEC00D /* sphereScaleProjectUITests.m */; };
/* End PBXBuildFile section */

/* Begin PBXContainerItemProxy section */
		BC834170208DC3AF00FEC00D /* PBXContainerItemProxy */ = {
			isa = PBXContainerItemProxy;
			containerPortal = BC83414F208DC3AE00FEC00D /* Project object */;
			proxyType = 1;
			remoteGlobalIDString = BC834156208DC3AE00FEC00D;
			remoteInfo = sphereScaleProject;
		};
		BC83417B208DC3AF00FEC00D /* PBXContainerItemProxy */ = {
			isa = PBXContainerItemProxy;
			containerPortal = BC83414F208DC3AE00FEC00D /* Project object */;
			proxyType = 1;
			remoteGlobalIDString = BC834156208DC3AE00FEC00D;
			remoteInfo = sphereScaleProject;
		};
/* End PBXContainerItemProxy section */

/* Begin PBXFileReference section */
		BC834157208DC3AE00FEC00D /* sphereScaleProject.app */ = {isa = PBXFileReference; explicitFileType = wrapper.application; includeInIndex = 0; path = sphereScaleProject.app; sourceTree = BUILT_PRODUCTS_DIR; };
		BC83415A208DC3AE00FEC00D /* AppDelegate.h */ = {isa = PBXFileReference; lastKnownFileType = sourcecode.c.h; path = AppDelegate.h; sourceTree = "<group>"; };
		BC83415B208DC3AE00FEC00D /* AppDelegate.m */ = {isa = PBXFileReference; lastKnownFileType = sourcecode.c.objc; path = AppDelegate.m; sourceTree = "<group>"; };
		BC83415D208DC3AE00FEC00D /* ViewController.h */ = {isa = PBXFileReference; lastKnownFileType = sourcecode.c.h; path = ViewController.h; sourceTree = "<group>"; };
		BC83415E208DC3AE00FEC00D /* ViewController.m */ = {isa = PBXFileReference; lastKnownFileType = sourcecode.c.objc; path = ViewController.m; sourceTree = "<group>"; };
		BC834161208DC3AE00FEC00D /* Base */ = {isa = PBXFileReference; lastKnownFileType = file.storyboard; name = Base; path = Base.lproj/Main.storyboard; sourceTree = "<group>"; };
		BC834163208DC3AE00FEC00D /* Assets.xcassets */ = {isa = PBXFileReference; lastKnownFileType = folder.assetcatalog; path = Assets.xcassets; sourceTree = "<group>"; };
		BC834166208DC3AE00FEC00D /* Base */ = {isa = PBXFileReference; lastKnownFileType = file.storyboard; name = Base; path = Base.lproj/LaunchScreen.storyboard; sourceTree = "<group>"; };
		BC834168208DC3AE00FEC00D /* Info.plist */ = {isa = PBXFileReference; lastKnownFileType = text.plist.xml; path = Info.plist; sourceTree = "<group>"; };
		BC834169208DC3AE00FEC00D /* main.m */ = {isa = PBXFileReference; lastKnownFileType = sourcecode.c.objc; path = main.m; sourceTree = "<group>"; };
		BC83416F208DC3AF00FEC00D /* sphereScaleProjectTests.xctest */ = {isa = PBXFileReference; explicitFileType = wrapper.cfbundle; includeInIndex = 0; path = sphereScaleProjectTests.xctest; sourceTree = BUILT_PRODUCTS_DIR; };
		BC834173208DC3AF00FEC00D /* sphereScaleProjectTests.m */ = {isa = PBXFileReference; lastKnownFileType = sourcecode.c.objc; path = sphereScaleProjectTests.m; sourceTree = "<group>"; };
		BC834175208DC3AF00FEC00D /* Info.plist */ = {isa = PBXFileReference; lastKnownFileType = text.plist.xml; path = Info.plist; sourceTree = "<group>"; };
		BC83417A208DC3AF00FEC00D /* sphereScaleProjectUITests.xctest */ = {isa = PBXFileReference; explicitFileType = wrapper.cfbundle; includeInIndex = 0; path = sphereScaleProjectUITests.xctest; sourceTree = BUILT_PRODUCTS_DIR; };
		BC83417E208DC3AF00FEC00D /* sphereScaleProjectUITests.m */ = {isa = PBXFileReference; lastKnownFileType = sourcecode.c.objc; path = sphereScaleProjectUITests.m; sourceTree = "<group>"; };
		BC834180208DC3AF00FEC00D /* Info.plist */ = {isa = PBXFileReference; lastKnownFileType = text.plist.xml; path = Info.plist; sourceTree = "<group>"; };
		BC83418C208DC9C200FEC00D /* PrefixHeader.h */ = {isa = PBXFileReference; lastKnownFileType = sourcecode.c.h; path = PrefixHeader.h; sourceTree = "<group>"; };
/* End PBXFileReference section */

/* Begin PBXFrameworksBuildPhase section */
		BC834154208DC3AE00FEC00D /* Frameworks */ = {
			isa = PBXFrameworksBuildPhase;
			buildActionMask = 2147483647;
			files = (
			);
			runOnlyForDeploymentPostprocessing = 0;
		};
		BC83416C208DC3AF00FEC00D /* Frameworks */ = {
			isa = PBXFrameworksBuildPhase;
			buildActionMask = 2147483647;
			files = (
			);
			runOnlyForDeploymentPostprocessing = 0;
		};
		BC834177208DC3AF00FEC00D /* Frameworks */ = {
			isa = PBXFrameworksBuildPhase;
			buildActionMask = 2147483647;
			files = (
			);
			runOnlyForDeploymentPostprocessing = 0;
		};
/* End PBXFrameworksBuildPhase section */

/* Begin PBXGroup section */
		BC83414E208DC3AE00FEC00D = {
			isa = PBXGroup;
			children = (
				BC834159208DC3AE00FEC00D /* sphereScaleProject */,
				BC834172208DC3AF00FEC00D /* sphereScaleProjectTests */,
				BC83417D208DC3AF00FEC00D /* sphereScaleProjectUITests */,
				BC834158208DC3AE00FEC00D /* Products */,
			);
			sourceTree = "<group>";
		};
		BC834158208DC3AE00FEC00D /* Products */ = {
			isa = PBXGroup;
			children = (
				BC834157208DC3AE00FEC00D /* sphereScaleProject.app */,
				BC83416F208DC3AF00FEC00D /* sphereScaleProjectTests.xctest */,
				BC83417A208DC3AF00FEC00D /* sphereScaleProjectUITests.xctest */,
			);
			name = Products;
			sourceTree = "<group>";
		};
		BC834159208DC3AE00FEC00D /* sphereScaleProject */ = {
			isa = PBXGroup;
			children = (
				BC83415A208DC3AE00FEC00D /* AppDelegate.h */,
				BC83415B208DC3AE00FEC00D /* AppDelegate.m */,
				BC83415D208DC3AE00FEC00D /* ViewController.h */,
				BC83415E208DC3AE00FEC00D /* ViewController.m */,
				BC834160208DC3AE00FEC00D /* Main.storyboard */,
				BC834163208DC3AE00FEC00D /* Assets.xcassets */,
				BC834165208DC3AE00FEC00D /* LaunchScreen.storyboard */,
				BC834168208DC3AE00FEC00D /* Info.plist */,
				BC834169208DC3AE00FEC00D /* main.m */,
				BC83418C208DC9C200FEC00D /* PrefixHeader.h */,
			);
			path = sphereScaleProject;
			sourceTree = "<group>";
		};
		BC834172208DC3AF00FEC00D /* sphereScaleProjectTests */ = {
			isa = PBXGroup;
			children = (
				BC834173208DC3AF00FEC00D /* sphereScaleProjectTests.m */,
				BC834175208DC3AF00FEC00D /* Info.plist */,
			);
			path = sphereScaleProjectTests;
			sourceTree = "<group>";
		};
		BC83417D208DC3AF00FEC00D /* sphereScaleProjectUITests */ = {
			isa = PBXGroup;
			children = (
				BC83417E208DC3AF00FEC00D /* sphereScaleProjectUITests.m */,
				BC834180208DC3AF00FEC00D /* Info.plist */,
			);
			path = sphereScaleProjectUITests;
			sourceTree = "<group>";
		};
/* End PBXGroup section */

/* Begin PBXNativeTarget section */
		BC834156208DC3AE00FEC00D /* sphereScaleProject */ = {
			isa = PBXNativeTarget;
			buildConfigurationList = BC834183208DC3AF00FEC00D /* Build configuration list for PBXNativeTarget "sphereScaleProject" */;
			buildPhases = (
				BC834153208DC3AE00FEC00D /* Sources */,
				BC834154208DC3AE00FEC00D /* Frameworks */,
				BC834155208DC3AE00FEC00D /* Resources */,
			);
			buildRules = (
			);
			dependencies = (
			);
			name = sphereScaleProject;
			productName = sphereScaleProject;
			productReference = BC834157208DC3AE00FEC00D /* sphereScaleProject.app */;
			productType = "com.apple.product-type.application";
		};
		BC83416E208DC3AF00FEC00D /* sphereScaleProjectTests */ = {
			isa = PBXNativeTarget;
			buildConfigurationList = BC834186208DC3AF00FEC00D /* Build configuration list for PBXNativeTarget "sphereScaleProjectTests" */;
			buildPhases = (
				BC83416B208DC3AF00FEC00D /* Sources */,
				BC83416C208DC3AF00FEC00D /* Frameworks */,
				BC83416D208DC3AF00FEC00D /* Resources */,
			);
			buildRules = (
			);
			dependencies = (
				BC834171208DC3AF00FEC00D /* PBXTargetDependency */,
			);
			name = sphereScaleProjectTests;
			productName = sphereScaleProjectTests;
			productReference = BC83416F208DC3AF00FEC00D /* sphereScaleProjectTests.xctest */;
			productType = "com.apple.product-type.bundle.unit-test";
		};
		BC834179208DC3AF00FEC00D /* sphereScaleProjectUITests */ = {
			isa = PBXNativeTarget;
			buildConfigurationList = BC834189208DC3AF00FEC00D /* Build configuration list for PBXNativeTarget "sphereScaleProjectUITests" */;
			buildPhases = (
				BC834176208DC3AF00FEC00D /* Sources */,
				BC834177208DC3AF00FEC00D /* Frameworks */,
				BC834178208DC3AF00FEC00D /* Resources */,
			);
			buildRules = (
			);
			dependencies = (
				BC83417C208DC3AF00FEC00D /* PBXTargetDependency */,
			);
			name = sphereScaleProjectUITests;
			productName = sphereScaleProjectUITests;
			productReference = BC83417A208DC3AF00FEC00D /* sphereScaleProjectUITests.xctest */;
			productType = "com.apple.product-type.bundle.ui-testing";
		};
/* End PBXNativeTarget section */

/* Begin PBXProject section */
		BC83414F208DC3AE00FEC00D /* Project object */ = {
			isa = PBXProject;
			attributes = {
				LastUpgradeCheck = 0900;
				ORGANIZATIONNAME = "于露";
				TargetAttributes = {
					BC834156208DC3AE00FEC00D = {
						CreatedOnToolsVersion = 9.0.1;
						ProvisioningStyle = Automatic;
					};
					BC83416E208DC3AF00FEC00D = {
						CreatedOnToolsVersion = 9.0.1;
						ProvisioningStyle = Automatic;
						TestTargetID = BC834156208DC3AE00FEC00D;
					};
					BC834179208DC3AF00FEC00D = {
						CreatedOnToolsVersion = 9.0.1;
						ProvisioningStyle = Automatic;
						TestTargetID = BC834156208DC3AE00FEC00D;
					};
				};
			};
			buildConfigurationList = BC834152208DC3AE00FEC00D /* Build configuration list for PBXProject "sphereScaleProject" */;
			compatibilityVersion = "Xcode 8.0";
			developmentRegion = en;
			hasScannedForEncodings = 0;
			knownRegions = (
				en,
				Base,
			);
			mainGroup = BC83414E208DC3AE00FEC00D;
			productRefGroup = BC834158208DC3AE00FEC00D /* Products */;
			projectDirPath = "";
			projectRoot = "";
			targets = (
				BC834156208DC3AE00FEC00D /* sphereScaleProject */,
				BC83416E208DC3AF00FEC00D /* sphereScaleProjectTests */,
				BC834179208DC3AF00FEC00D /* sphereScaleProjectUITests */,
			);
		};
/* End PBXProject section */

/* Begin PBXResourcesBuildPhase section */
		BC834155208DC3AE00FEC00D /* Resources */ = {
			isa = PBXResourcesBuildPhase;
			buildActionMask = 2147483647;
			files = (
				BC834167208DC3AE00FEC00D /* LaunchScreen.storyboard in Resources */,
				BC834164208DC3AE00FEC00D /* Assets.xcassets in Resources */,
				BC834162208DC3AE00FEC00D /* Main.storyboard in Resources */,
			);
			runOnlyForDeploymentPostprocessing = 0;
		};
		BC83416D208DC3AF00FEC00D /* Resources */ = {
			isa = PBXResourcesBuildPhase;
			buildActionMask = 2147483647;
			files = (
			);
			runOnlyForDeploymentPostprocessing = 0;
		};
		BC834178208DC3AF00FEC00D /* Resources */ = {
			isa = PBXResourcesBuildPhase;
			buildActionMask = 2147483647;
			files = (
			);
			runOnlyForDeploymentPostprocessing = 0;
		};
/* End PBXResourcesBuildPhase section */

/* Begin PBXSourcesBuildPhase section */
		BC834153208DC3AE00FEC00D /* Sources */ = {
			isa = PBXSourcesBuildPhase;
			buildActionMask = 2147483647;
			files = (
				BC83415F208DC3AE00FEC00D /* ViewController.m in Sources */,
				BC83416A208DC3AE00FEC00D /* main.m in Sources */,
				BC83415C208DC3AE00FEC00D /* AppDelegate.m in Sources */,
			);
			runOnlyForDeploymentPostprocessing = 0;
		};
		BC83416B208DC3AF00FEC00D /* Sources */ = {
			isa = PBXSourcesBuildPhase;
			buildActionMask = 2147483647;
			files = (
				BC834174208DC3AF00FEC00D /* sphereScaleProjectTests.m in Sources */,
			);
			runOnlyForDeploymentPostprocessing = 0;
		};
		BC834176208DC3AF00FEC00D /* Sources */ = {
			isa = PBXSourcesBuildPhase;
			buildActionMask = 2147483647;
			files = (
				BC83417F208DC3AF00FEC00D /* sphereScaleProjectUITests.m in Sources */,
			);
			runOnlyForDeploymentPostprocessing = 0;
		};
/* End PBXSourcesBuildPhase section */

/* Begin PBXTargetDependency section */
		BC834171208DC3AF00FEC00D /* PBXTargetDependency */ = {
			isa = PBXTargetDependency;
			target = BC834156208DC3AE00FEC00D /* sphereScaleProject */;
			targetProxy = BC834170208DC3AF00FEC00D /* PBXContainerItemProxy */;
		};
		BC83417C208DC3AF00FEC00D /* PBXTargetDependency */ = {
			isa = PBXTargetDependency;
			target = BC834156208DC3AE00FEC00D /* sphereScaleProject */;
			targetProxy = BC83417B208DC3AF00FEC00D /* PBXContainerItemProxy */;
		};
/* End PBXTargetDependency section */

/* Begin PBXVariantGroup section */
		BC834160208DC3AE00FEC00D /* Main.storyboard */ = {
			isa = PBXVariantGroup;
			children = (
				BC834161208DC3AE00FEC00D /* Base */,
			);
			name = Main.storyboard;
			sourceTree = "<group>";
		};
		BC834165208DC3AE00FEC00D /* LaunchScreen.storyboard */ = {
			isa = PBXVariantGroup;
			children = (
				BC834166208DC3AE00FEC00D /* Base */,
			);
			name = LaunchScreen.storyboard;
			sourceTree = "<group>";
		};
/* End PBXVariantGroup section */

/* Begin XCBuildConfiguration section */
		BC834181208DC3AF00FEC00D /* Debug */ = {
			isa = XCBuildConfiguration;
			buildSettings = {
				ALWAYS_SEARCH_USER_PATHS = NO;
				CLANG_ANALYZER_NONNULL = YES;
				CLANG_ANALYZER_NUMBER_OBJECT_CONVERSION = YES_AGGRESSIVE;
				CLANG_CXX_LANGUAGE_STANDARD = "gnu++14";
				CLANG_CXX_LIBRARY = "libc++";
				CLANG_ENABLE_MODULES = YES;
				CLANG_ENABLE_OBJC_ARC = YES;
				CLANG_WARN_BLOCK_CAPTURE_AUTORELEASING = YES;
				CLANG_WARN_BOOL_CONVERSION = YES;
				CLANG_WARN_COMMA = YES;
				CLANG_WARN_CONSTANT_CONVERSION = YES;
				CLANG_WARN_DIRECT_OBJC_ISA_USAGE = YES_ERROR;
				CLANG_WARN_DOCUMENTATION_COMMENTS = YES;
				CLANG_WARN_EMPTY_BODY = YES;
				CLANG_WARN_ENUM_CONVERSION = YES;
				CLANG_WARN_INFINITE_RECURSION = YES;
				CLANG_WARN_INT_CONVERSION = YES;
				CLANG_WARN_NON_LITERAL_NULL_CONVERSION = YES;
				CLANG_WARN_OBJC_LITERAL_CONVERSION = YES;
				CLANG_WARN_OBJC_ROOT_CLASS = YES_ERROR;
				CLANG_WARN_RANGE_LOOP_ANALYSIS = YES;
				CLANG_WARN_STRICT_PROTOTYPES = YES;
				CLANG_WARN_SUSPICIOUS_MOVE = YES;
				CLANG_WARN_UNGUARDED_AVAILABILITY = YES_AGGRESSIVE;
				CLANG_WARN_UNREACHABLE_CODE = YES;
				CLANG_WARN__DUPLICATE_METHOD_MATCH = YES;
				CODE_SIGN_IDENTITY = "iPhone Developer";
				COPY_PHASE_STRIP = NO;
				DEBUG_INFORMATION_FORMAT = dwarf;
				ENABLE_STRICT_OBJC_MSGSEND = YES;
				ENABLE_TESTABILITY = YES;
				GCC_C_LANGUAGE_STANDARD = gnu11;
				GCC_DYNAMIC_NO_PIC = NO;
				GCC_NO_COMMON_BLOCKS = YES;
				GCC_OPTIMIZATION_LEVEL = 0;
				GCC_PREPROCESSOR_DEFINITIONS = (
					"DEBUG=1",
					"$(inherited)",
				);
				GCC_WARN_64_TO_32_BIT_CONVERSION = YES;
				GCC_WARN_ABOUT_RETURN_TYPE = YES_ERROR;
				GCC_WARN_UNDECLARED_SELECTOR = YES;
				GCC_WARN_UNINITIALIZED_AUTOS = YES_AGGRESSIVE;
				GCC_WARN_UNUSED_FUNCTION = YES;
				GCC_WARN_UNUSED_VARIABLE = YES;
				IPHONEOS_DEPLOYMENT_TARGET = 11.0;
				MTL_ENABLE_DEBUG_INFO = YES;
				ONLY_ACTIVE_ARCH = YES;
				SDKROOT = iphoneos;
			};
			name = Debug;
		};
		BC834182208DC3AF00FEC00D /* Release */ = {
			isa = XCBuildConfiguration;
			buildSettings = {
				ALWAYS_SEARCH_USER_PATHS = NO;
				CLANG_ANALYZER_NONNULL = YES;
				CLANG_ANALYZER_NUMBER_OBJECT_CONVERSION = YES_AGGRESSIVE;
				CLANG_CXX_LANGUAGE_STANDARD = "gnu++14";
				CLANG_CXX_LIBRARY = "libc++";
				CLANG_ENABLE_MODULES = YES;
				CLANG_ENABLE_OBJC_ARC = YES;
				CLANG_WARN_BLOCK_CAPTURE_AUTORELEASING = YES;
				CLANG_WARN_BOOL_CONVERSION = YES;
				CLANG_WARN_COMMA = YES;
				CLANG_WARN_CONSTANT_CONVERSION = YES;
				CLANG_WARN_DIRECT_OBJC_ISA_USAGE = YES_ERROR;
				CLANG_WARN_DOCUMENTATION_COMMENTS = YES;
				CLANG_WARN_EMPTY_BODY = YES;
				CLANG_WARN_ENUM_CONVERSION = YES;
				CLANG_WARN_INFINITE_RECURSION = YES;
				CLANG_WARN_INT_CONVERSION = YES;
				CLANG_WARN_NON_LITERAL_NULL_CONVERSION = YES;
				CLANG_WARN_OBJC_LITERAL_CONVERSION = YES;
				CLANG_WARN_OBJC_ROOT_CLASS = YES_ERROR;
				CLANG_WARN_RANGE_LOOP_ANALYSIS = YES;
				CLANG_WARN_STRICT_PROTOTYPES = YES;
				CLANG_WARN_SUSPICIOUS_MOVE = YES;
				CLANG_WARN_UNGUARDED_AVAILABILITY = YES_AGGRESSIVE;
				CLANG_WARN_UNREACHABLE_CODE = YES;
				CLANG_WARN__DUPLICATE_METHOD_MATCH = YES;
				CODE_SIGN_IDENTITY = "iPhone Developer";
				COPY_PHASE_STRIP = NO;
				DEBUG_INFORMATION_FORMAT = "dwarf-with-dsym";
				ENABLE_NS_ASSERTIONS = NO;
				ENABLE_STRICT_OBJC_MSGSEND = YES;
				GCC_C_LANGUAGE_STANDARD = gnu11;
				GCC_NO_COMMON_BLOCKS = YES;
				GCC_WARN_64_TO_32_BIT_CONVERSION = YES;
				GCC_WARN_ABOUT_RETURN_TYPE = YES_ERROR;
				GCC_WARN_UNDECLARED_SELECTOR = YES;
				GCC_WARN_UNINITIALIZED_AUTOS = YES_AGGRESSIVE;
				GCC_WARN_UNUSED_FUNCTION = YES;
				GCC_WARN_UNUSED_VARIABLE = YES;
				IPHONEOS_DEPLOYMENT_TARGET = 11.0;
				MTL_ENABLE_DEBUG_INFO = NO;
				SDKROOT = iphoneos;
				VALIDATE_PRODUCT = YES;
			};
			name = Release;
		};
		BC834184208DC3AF00FEC00D /* Debug */ = {
			isa = XCBuildConfiguration;
			buildSettings = {
				ASSETCATALOG_COMPILER_APPICON_NAME = AppIcon;
				CODE_SIGN_STYLE = Automatic;
				DEVELOPMENT_TEAM = 5F3NP76F26;
				GCC_PRECOMPILE_PREFIX_HEADER = YES;
				GCC_PREFIX_HEADER = /Users/yulu/Desktop/swiftStudy/sphereScaleProject/sphereScaleProject/PrefixHeader.h;
				INFOPLIST_FILE = sphereScaleProject/Info.plist;
				LD_RUNPATH_SEARCH_PATHS = "$(inherited) @executable_path/Frameworks";
				PRODUCT_BUNDLE_IDENTIFIER = com.yulu.study1.sphereScaleProject;
				PRODUCT_NAME = "$(TARGET_NAME)";
				TARGETED_DEVICE_FAMILY = "1,2";
			};
			name = Debug;
		};
		BC834185208DC3AF00FEC00D /* Release */ = {
			isa = XCBuildConfiguration;
			buildSettings = {
				ASSETCATALOG_COMPILER_APPICON_NAME = AppIcon;
				CODE_SIGN_STYLE = Automatic;
				DEVELOPMENT_TEAM = 5F3NP76F26;
				GCC_PRECOMPILE_PREFIX_HEADER = YES;
				GCC_PREFIX_HEADER = /Users/yulu/Desktop/swiftStudy/sphereScaleProject/sphereScaleProject/PrefixHeader.h;
				INFOPLIST_FILE = sphereScaleProject/Info.plist;
				LD_RUNPATH_SEARCH_PATHS = "$(inherited) @executable_path/Frameworks";
				PRODUCT_BUNDLE_IDENTIFIER = com.yulu.study1.sphereScaleProject;
				PRODUCT_NAME = "$(TARGET_NAME)";
				TARGETED_DEVICE_FAMILY = "1,2";
			};
			name = Release;
		};
		BC834187208DC3AF00FEC00D /* Debug */ = {
			isa = XCBuildConfiguration;
			buildSettings = {
				BUNDLE_LOADER = "$(TEST_HOST)";
				CODE_SIGN_STYLE = Automatic;
				DEVELOPMENT_TEAM = 5F3NP76F26;
				INFOPLIST_FILE = sphereScaleProjectTests/Info.plist;
				LD_RUNPATH_SEARCH_PATHS = "$(inherited) @executable_path/Frameworks @loader_path/Frameworks";
				PRODUCT_BUNDLE_IDENTIFIER = com.yulu.study1.sphereScaleProjectTests;
				PRODUCT_NAME = "$(TARGET_NAME)";
				TARGETED_DEVICE_FAMILY = "1,2";
				TEST_HOST = "$(BUILT_PRODUCTS_DIR)/sphereScaleProject.app/sphereScaleProject";
			};
			name = Debug;
		};
		BC834188208DC3AF00FEC00D /* Release */ = {
			isa = XCBuildConfiguration;
			buildSettings = {
				BUNDLE_LOADER = "$(TEST_HOST)";
				CODE_SIGN_STYLE = Automatic;
				DEVELOPMENT_TEAM = 5F3NP76F26;
				INFOPLIST_FILE = sphereScaleProjectTests/Info.plist;
				LD_RUNPATH_SEARCH_PATHS = "$(inherited) @executable_path/Frameworks @loader_path/Frameworks";
				PRODUCT_BUNDLE_IDENTIFIER = com.yulu.study1.sphereScaleProjectTests;
				PRODUCT_NAME = "$(TARGET_NAME)";
				TARGETED_DEVICE_FAMILY = "1,2";
				TEST_HOST = "$(BUILT_PRODUCTS_DIR)/sphereScaleProject.app/sphereScaleProject";
			};
			name = Release;
		};
		BC83418A208DC3AF00FEC00D /* Debug */ = {
			isa = XCBuildConfiguration;
			buildSettings = {
				CODE_SIGN_STYLE = Automatic;
				DEVELOPMENT_TEAM = 5F3NP76F26;
				INFOPLIST_FILE = sphereScaleProjectUITests/Info.plist;
				LD_RUNPATH_SEARCH_PATHS = "$(inherited) @executable_path/Frameworks @loader_path/Frameworks";
				PRODUCT_BUNDLE_IDENTIFIER = com.yulu.study1.sphereScaleProjectUITests;
				PRODUCT_NAME = "$(TARGET_NAME)";
				TARGETED_DEVICE_FAMILY = "1,2";
				TEST_TARGET_NAME = sphereScaleProject;
			};
			name = Debug;
		};
		BC83418B208DC3AF00FEC00D /* Release */ = {
			isa = XCBuildConfiguration;
			buildSettings = {
				CODE_SIGN_STYLE = Automatic;
				DEVELOPMENT_TEAM = 5F3NP76F26;
				INFOPLIST_FILE = sphereScaleProjectUITests/Info.plist;
				LD_RUNPATH_SEARCH_PATHS = "$(inherited) @executable_path/Frameworks @loader_path/Frameworks";
				PRODUCT_BUNDLE_IDENTIFIER = com.yulu.study1.sphereScaleProjectUITests;
				PRODUCT_NAME = "$(TARGET_NAME)";
				TARGETED_DEVICE_FAMILY = "1,2";
				TEST_TARGET_NAME = sphereScaleProject;
			};
			name = Release;
		};
/* End XCBuildConfiguration section */

/* Begin XCConfigurationList section */
		BC834152208DC3AE00FEC00D /* Build configuration list for PBXProject "sphereScaleProject" */ = {
			isa = XCConfigurationList;
			buildConfigurations = (
				BC834181208DC3AF00FEC00D /* Debug */,
				BC834182208DC3AF00FEC00D /* Release */,
			);
			defaultConfigurationIsVisible = 0;
			defaultConfigurationName = Release;
		};
		BC834183208DC3AF00FEC00D /* Build configuration list for PBXNativeTarget "sphereScaleProject" */ = {
			isa = XCConfigurationList;
			buildConfigurations = (
				BC834184208DC3AF00FEC00D /* Debug */,
				BC834185208DC3AF00FEC00D /* Release */,
			);
			defaultConfigurationIsVisible = 0;
			defaultConfigurationName = Release;
		};
		BC834186208DC3AF00FEC00D /* Build configuration list for PBXNativeTarget "sphereScaleProjectTests" */ = {
			isa = XCConfigurationList;
			buildConfigurations = (
				BC834187208DC3AF00FEC00D /* Debug */,
				BC834188208DC3AF00FEC00D /* Release */,
			);
			defaultConfigurationIsVisible = 0;
			defaultConfigurationName = Release;
		};
		BC834189208DC3AF00FEC00D /* Build configuration list for PBXNativeTarget "sphereScaleProjectUITests" */ = {
			isa = XCConfigurationList;
			buildConfigurations = (
				BC83418A208DC3AF00FEC00D /* Debug */,
				BC83418B208DC3AF00FEC00D /* Release */,
			);
			defaultConfigurationIsVisible = 0;
			defaultConfigurationName = Release;
		};
/* End XCConfigurationList section */
	};
	rootObject = BC83414F208DC3AE00FEC00D /* Project object */;
}
